{
    "name": "ksm",
    "version": "1.0.0",
    "lockfileVersion": 3,
    "requires": true,
    "packages": {
        "": {
            "name": "ksm",
            "version": "1.0.0",
            "hasInstallScript": true,
            "dependencies": {
                "@koschel-christoph/node.options": "^1.0.2"
            },
            "bin": {
                "ksm": "out/bin/ksm.js",
                "ksm-cycle": "out/bin/ksm-cycle.js"
            },
            "engines": {
                "node": ">=15.0.0"
            }
        },
        "../ksm-proxy": {
            "version": "1.0.0",
            "extraneous": true,
            "license": "ISC",
            "dependencies": {
                "express": "^4.21.0",
                "http-proxy": "^1.18.1"
            },
            "devDependencies": {
                "@types/express": "^5.0.0",
                "@types/http-proxy": "^1.17.15"
            }
        },
        "node_modules/@koschel-christoph/node.options": {
            "version": "1.0.2",
            "resolved": "https://registry.npmjs.org/@koschel-christoph/node.options/-/node.options-1.0.2.tgz",
            "integrity": "sha512-FgxDBJ6ZupKsFPEMw+8KyMp1YBCV/2tucR+jq9WK8ZV6RFXDawxSOQEbU+5j1f0vl5oDzXUTio4pdwdMgyCsfw==",
            "dependencies": {
                "@types/node": "^20.14.10"
            }
        },
        "node_modules/@types/node": {
            "version": "20.16.10",
            "resolved": "https://registry.npmjs.org/@types/node/-/node-20.16.10.tgz",
            "integrity": "sha512-vQUKgWTjEIRFCvK6CyriPH3MZYiYlNy0fKiEYHWbcoWLEgs4opurGGKlebrTLqdSMIbXImH6XExNiIyNUv3WpA==",
            "dependencies": {
                "undici-types": "~6.19.2"
            }
        },
        "node_modules/undici-types": {
            "version": "6.19.8",
            "resolved": "https://registry.npmjs.org/undici-types/-/undici-types-6.19.8.tgz",
            "integrity": "sha512-ve2KP6f/JnbPBFyobGHuerC9g1FYGn/F8n1LWTwNxCEzd6IfqTwUQcNXgEtmmQ6DlRrC1hrSrBnCZPokRrDHjw=="
        }
    }
}
